
Microsoft Visual Studio Solution File, Format Version 12.00
# Visual Studio 2012
Project("{FAE04EC0-301F-11D3-BF4B-00C04F79EFBC}") = "Coiner", "Coiner\Coiner.csproj", "{FC12A58E-9EB4-4606-8328-A053CCD0BE47}"
EndProject
Global
	GlobalSection(SolutionConfigurationPlatforms) = preSolution
		Debug|Any CPU = Debug|Any CPU
		Release|Any CPU = Release|Any CPU
	EndGlobalSection
	GlobalSection(ProjectConfigurationPlatforms) = postSolution
		{FC12A58E-9EB4-4606-8328-A053CCD0BE47}.Debug|Any CPU.ActiveCfg = Debug|Any CPU
		{FC12A58E-9EB4-4606-8328-A053CCD0BE47}.Debug|Any CPU.Build.0 = Debug|Any CPU
		{FC12A58E-9EB4-4606-8328-A053CCD0BE47}.Release|Any CPU.ActiveCfg = Release|Any CPU
		{FC12A58E-9EB4-4606-8328-A053CCD0BE47}.Release|Any CPU.Build.0 = Release|Any CPU
	EndGlobalSection
EndGlobal
